
Microsoft Visual Studio Solution File, Format Version 12.00
# Visual Studio Version 17
VisualStudioVersion = 17.7.34003.232
MinimumVisualStudioVersion = 10.0.40219.1
Project("{FAE04EC0-301F-11D3-BF4B-00C04F79EFBC}") = "loops_shepardson_bruce", "loops_shepardson_bruce.csproj", "{AFAD4CDE-6C27-484B-830E-D8E7AE1A14C0}"
EndProject
Global
	GlobalSection(SolutionConfigurationPlatforms) = preSolution
		Debug|Any CPU = Debug|Any CPU
		Release|Any CPU = Release|Any CPU
	EndGlobalSection
	GlobalSection(ProjectConfigurationPlatforms) = postSolution
		{AFAD4CDE-6C27-484B-830E-D8E7AE1A14C0}.Debug|Any CPU.ActiveCfg = Debug|Any CPU
		{AFAD4CDE-6C27-484B-830E-D8E7AE1A14C0}.Debug|Any CPU.Build.0 = Debug|Any CPU
		{AFAD4CDE-6C27-484B-830E-D8E7AE1A14C0}.Release|Any CPU.ActiveCfg = Release|Any CPU
		{AFAD4CDE-6C27-484B-830E-D8E7AE1A14C0}.Release|Any CPU.Build.0 = Release|Any CPU
	EndGlobalSection
	GlobalSection(SolutionProperties) = preSolution
		HideSolutionNode = FALSE
	EndGlobalSection
	GlobalSection(ExtensibilityGlobals) = postSolution
		SolutionGuid = {74111F94-E8A2-44AF-8099-B9F56F1B8732}
	EndGlobalSection
EndGlobal
